
Microsoft Visual Studio Solution File, Format Version 12.00
# Visual Studio Version 16
VisualStudioVersion = 16.0.30011.22
MinimumVisualStudioVersion = 10.0.40219.1
Project("{FAE04EC0-301F-11D3-BF4B-00C04F79EFBC}") = "unitTests_1", "unitTests_1.csproj", "{CB25EE4E-FDEA-40F0-B7C0-C6E5CA4397B7}"
EndProject
Project("{FAE04EC0-301F-11D3-BF4B-00C04F79EFBC}") = "test1", "..\test1\test1.csproj", "{B5FD5C23-BC58-4C6E-A6C1-ED76C854AC95}"
EndProject
Global
	GlobalSection(SolutionConfigurationPlatforms) = preSolution
		Debug|Any CPU = Debug|Any CPU
		Release|Any CPU = Release|Any CPU
	EndGlobalSection
	GlobalSection(ProjectConfigurationPlatforms) = postSolution
		{CB25EE4E-FDEA-40F0-B7C0-C6E5CA4397B7}.Debug|Any CPU.ActiveCfg = Debug|Any CPU
		{CB25EE4E-FDEA-40F0-B7C0-C6E5CA4397B7}.Debug|Any CPU.Build.0 = Debug|Any CPU
		{CB25EE4E-FDEA-40F0-B7C0-C6E5CA4397B7}.Release|Any CPU.ActiveCfg = Release|Any CPU
		{CB25EE4E-FDEA-40F0-B7C0-C6E5CA4397B7}.Release|Any CPU.Build.0 = Release|Any CPU
		{B5FD5C23-BC58-4C6E-A6C1-ED76C854AC95}.Debug|Any CPU.ActiveCfg = Debug|Any CPU
		{B5FD5C23-BC58-4C6E-A6C1-ED76C854AC95}.Debug|Any CPU.Build.0 = Debug|Any CPU
		{B5FD5C23-BC58-4C6E-A6C1-ED76C854AC95}.Release|Any CPU.ActiveCfg = Release|Any CPU
		{B5FD5C23-BC58-4C6E-A6C1-ED76C854AC95}.Release|Any CPU.Build.0 = Release|Any CPU
	EndGlobalSection
	GlobalSection(SolutionProperties) = preSolution
		HideSolutionNode = FALSE
	EndGlobalSection
	GlobalSection(ExtensibilityGlobals) = postSolution
		SolutionGuid = {2F91F68E-7F05-4DC9-8376-567C72441AD4}
	EndGlobalSection
EndGlobal
